
Microsoft Visual Studio Solution File, Format Version 12.00
# Visual Studio Version 17
VisualStudioVersion = 17.4.33213.308
MinimumVisualStudioVersion = 10.0.40219.1
Project("{9A19103F-16F7-4668-BE54-9A1E7A4F7556}") = "Team6", "Team6.csproj", "{8E40AA12-F6D2-4BF5-9069-DEBEF097832E}"
EndProject
Global
	GlobalSection(SolutionConfigurationPlatforms) = preSolution
		Debug|Any CPU = Debug|Any CPU
		Release|Any CPU = Release|Any CPU
	EndGlobalSection
	GlobalSection(ProjectConfigurationPlatforms) = postSolution
		{8E40AA12-F6D2-4BF5-9069-DEBEF097832E}.Debug|Any CPU.ActiveCfg = Debug|Any CPU
		{8E40AA12-F6D2-4BF5-9069-DEBEF097832E}.Debug|Any CPU.Build.0 = Debug|Any CPU
		{8E40AA12-F6D2-4BF5-9069-DEBEF097832E}.Release|Any CPU.ActiveCfg = Release|Any CPU
		{8E40AA12-F6D2-4BF5-9069-DEBEF097832E}.Release|Any CPU.Build.0 = Release|Any CPU
	EndGlobalSection
	GlobalSection(SolutionProperties) = preSolution
		HideSolutionNode = FALSE
	EndGlobalSection
	GlobalSection(ExtensibilityGlobals) = postSolution
		SolutionGuid = {D7710939-EFB1-4CC3-9344-0D2C85BE6A70}
	EndGlobalSection
EndGlobal
